<Solution>
  <Folder Name="/Solution Items/">
    <File Path=".gitignore" />
  </Folder>
  <Project Path="../Common/Common.csproj" />
  <Project Path="../Dto/Dto.csproj" />
  <Project Path="../Entities/Entities.csproj" />
  <Project Path="../Repository/Repository.csproj" />
  <Project Path="../Services/Services.csproj" />
  <Project Path="gym_application.csproj" />
</Solution>
